// !$*UTF8*$!
{
	archiveVersion = 1;
	classes = {
	};
	objectVersion = 77;
	objects = {

/* Begin PBXContainerItemProxy section */
		5A2CF6F62E4EA8A700736460 /* PBXContainerItemProxy */ = {
			isa = PBXContainerItemProxy;
			containerPortal = 5A2CF6E02E4EA8A600736460 /* Project object */;
			proxyType = 1;
			remoteGlobalIDString = 5A2CF6E72E4EA8A600736460;
			remoteInfo = "didactic-barnicle-ios";
		};
		5A2CF7002E4EA8A700736460 /* PBXContainerItemProxy */ = {
			isa = PBXContainerItemProxy;
			containerPortal = 5A2CF6E02E4EA8A600736460 /* Project object */;
			proxyType = 1;
			remoteGlobalIDString = 5A2CF6E72E4EA8A600736460;
			remoteInfo = "didactic-barnicle-ios";
		};
/* End PBXContainerItemProxy section */

/* Begin PBXFileReference section */
		5A2CF6E82E4EA8A600736460 /* didactic-barnicle-ios.app */ = {isa = PBXFileReference; explicitFileType = wrapper.application; includeInIndex = 0; path = "didactic-barnicle-ios.app"; sourceTree = BUILT_PRODUCTS_DIR; };
		5A2CF6F52E4EA8A700736460 /* didactic-barnicle-iosTests.xctest */ = {isa = PBXFileReference; explicitFileType = wrapper.cfbundle; includeInIndex = 0; path = "didactic-barnicle-iosTests.xctest"; sourceTree = BUILT_PRODUCTS_DIR; };
		5A2CF6FF2E4EA8A700736460 /* didactic-barnicle-iosUITests.xctest */ = {isa = PBXFileReference; explicitFileType = wrapper.cfbundle; includeInIndex = 0; path = "didactic-barnicle-iosUITests.xctest"; sourceTree = BUILT_PRODUCTS_DIR; };
/* End PBXFileReference section */

/* Begin PBXFileSystemSynchronizedRootGroup section */
		5A2CF6EA2E4EA8A600736460 /* didactic-barnicle-ios */ = {
			isa = PBXFileSystemSynchronizedRootGroup;
			path = "didactic-barnicle-ios";
			sourceTree = "<group>";
		};
		5A2CF6F82E4EA8A700736460 /* didactic-barnicle-iosTests */ = {
			isa = PBXFileSystemSynchronizedRootGroup;
			path = "didactic-barnicle-iosTests";
			sourceTree = "<group>";
		};
		5A2CF7022E4EA8A700736460 /* didactic-barnicle-iosUITests */ = {
			isa = PBXFileSystemSynchronizedRootGroup;
			path = "didactic-barnicle-iosUITests";
			sourceTree = "<group>";
		};
/* End PBXFileSystemSynchronizedRootGroup section */

/* Begin PBXFrameworksBuildPhase section */
		5A2CF6E52E4EA8A600736460 /* Frameworks */ = {
			isa = PBXFrameworksBuildPhase;
			buildActionMask = 2147483647;
			files = (
			);
			runOnlyForDeploymentPostprocessing = 0;
		};
		5A2CF6F22E4EA8A700736460 /* Frameworks */ = {
			isa = PBXFrameworksBuildPhase;
			buildActionMask = 2147483647;
			files = (
			);
			runOnlyForDeploymentPostprocessing = 0;
		};
		5A2CF6FC2E4EA8A700736460 /* Frameworks */ = {
			isa = PBXFrameworksBuildPhase;
			buildActionMask = 2147483647;
			files = (
			);
			runOnlyForDeploymentPostprocessing = 0;
		};
/* End PBXFrameworksBuildPhase section */

/* Begin PBXGroup section */
		5A2CF6DF2E4EA8A600736460 = {
			isa = PBXGroup;
			children = (
				5A2CF6EA2E4EA8A600736460 /* didactic-barnicle-ios */,
				5A2CF6F82E4EA8A700736460 /* didactic-barnicle-iosTests */,
				5A2CF7022E4EA8A700736460 /* didactic-barnicle-iosUITests */,
				5A2CF6E92E4EA8A600736460 /* Products */,
			);
			sourceTree = "<group>";
		};
		5A2CF6E92E4EA8A600736460 /* Products */ = {
			isa = PBXGroup;
			children = (
				5A2CF6E82E4EA8A600736460 /* didactic-barnicle-ios.app */,
				5A2CF6F52E4EA8A700736460 /* didactic-barnicle-iosTests.xctest */,
				5A2CF6FF2E4EA8A700736460 /* didactic-barnicle-iosUITests.xctest */,
			);
			name = Products;
			sourceTree = "<group>";
		};
/* End PBXGroup section */

/* Begin PBXNativeTarget section */
		5A2CF6E72E4EA8A600736460 /* didactic-barnicle-ios */ = {
			isa = PBXNativeTarget;
			buildConfigurationList = 5A2CF7092E4EA8A700736460 /* Build configuration list for PBXNativeTarget "didactic-barnicle-ios" */;
			buildPhases = (
				5A2CF6E42E4EA8A600736460 /* Sources */,
				5A2CF6E52E4EA8A600736460 /* Frameworks */,
				5A2CF6E62E4EA8A600736460 /* Resources */,
			);
			buildRules = (
			);
			dependencies = (
			);
			fileSystemSynchronizedGroups = (
				5A2CF6EA2E4EA8A600736460 /* didactic-barnicle-ios */,
			);
			name = "didactic-barnicle-ios";
			packageProductDependencies = (
			);
			productName = "didactic-barnicle-ios";
			productReference = 5A2CF6E82E4EA8A600736460 /* didactic-barnicle-ios.app */;
			productType = "com.apple.product-type.application";
		};
		5A2CF6F42E4EA8A700736460 /* didactic-barnicle-iosTests */ = {
			isa = PBXNativeTarget;
			buildConfigurationList = 5A2CF70C2E4EA8A700736460 /* Build configuration list for PBXNativeTarget "didactic-barnicle-iosTests" */;
			buildPhases = (
				5A2CF6F12E4EA8A700736460 /* Sources */,
				5A2CF6F22E4EA8A700736460 /* Frameworks */,
				5A2CF6F32E4EA8A700736460 /* Resources */,
			);
			buildRules = (
			);
			dependencies = (
				5A2CF6F72E4EA8A700736460 /* PBXTargetDependency */,
			);
			fileSystemSynchronizedGroups = (
				5A2CF6F82E4EA8A700736460 /* didactic-barnicle-iosTests */,
			);
			name = "didactic-barnicle-iosTests";
			packageProductDependencies = (
			);
			productName = "didactic-barnicle-iosTests";
			productReference = 5A2CF6F52E4EA8A700736460 /* didactic-barnicle-iosTests.xctest */;
			productType = "com.apple.product-type.bundle.unit-test";
		};
		5A2CF6FE2E4EA8A700736460 /* didactic-barnicle-iosUITests */ = {
			isa = PBXNativeTarget;
			buildConfigurationList = 5A2CF70F2E4EA8A700736460 /* Build configuration list for PBXNativeTarget "didactic-barnicle-iosUITests" */;
			buildPhases = (
				5A2CF6FB2E4EA8A700736460 /* Sources */,
				5A2CF6FC2E4EA8A700736460 /* Frameworks */,
				5A2CF6FD2E4EA8A700736460 /* Resources */,
			);
			buildRules = (
			);
			dependencies = (
				5A2CF7012E4EA8A700736460 /* PBXTargetDependency */,
			);
			fileSystemSynchronizedGroups = (
				5A2CF7022E4EA8A700736460 /* didactic-barnicle-iosUITests */,
			);
			name = "didactic-barnicle-iosUITests";
			packageProductDependencies = (
			);
			productName = "didactic-barnicle-iosUITests";
			productReference = 5A2CF6FF2E4EA8A700736460 /* didactic-barnicle-iosUITests.xctest */;
			productType = "com.apple.product-type.bundle.ui-testing";
		};
/* End PBXNativeTarget section */

/* Begin PBXProject section */
		5A2CF6E02E4EA8A600736460 /* Project object */ = {
			isa = PBXProject;
			attributes = {
				BuildIndependentTargetsInParallel = 1;
				LastSwiftUpdateCheck = 2600;
				LastUpgradeCheck = 2600;
				TargetAttributes = {
					5A2CF6E72E4EA8A600736460 = {
						CreatedOnToolsVersion = 26.0;
					};
					5A2CF6F42E4EA8A700736460 = {
						CreatedOnToolsVersion = 26.0;
						TestTargetID = 5A2CF6E72E4EA8A600736460;
					};
					5A2CF6FE2E4EA8A700736460 = {
						CreatedOnToolsVersion = 26.0;
						TestTargetID = 5A2CF6E72E4EA8A600736460;
					};
				};
			};
			buildConfigurationList = 5A2CF6E32E4EA8A600736460 /* Build configuration list for PBXProject "didactic-barnicle-ios" */;
			developmentRegion = en;
			hasScannedForEncodings = 0;
			knownRegions = (
				en,
				Base,
			);
			mainGroup = 5A2CF6DF2E4EA8A600736460;
			minimizedProjectReferenceProxies = 1;
			preferredProjectObjectVersion = 77;
			productRefGroup = 5A2CF6E92E4EA8A600736460 /* Products */;
			projectDirPath = "";
			projectRoot = "";
			targets = (
				5A2CF6E72E4EA8A600736460 /* didactic-barnicle-ios */,
				5A2CF6F42E4EA8A700736460 /* didactic-barnicle-iosTests */,
				5A2CF6FE2E4EA8A700736460 /* didactic-barnicle-iosUITests */,
			);
		};
/* End PBXProject section */

/* Begin PBXResourcesBuildPhase section */
		5A2CF6E62E4EA8A600736460 /* Resources */ = {
			isa = PBXResourcesBuildPhase;
			buildActionMask = 2147483647;
			files = (
			);
			runOnlyForDeploymentPostprocessing = 0;
		};
		5A2CF6F32E4EA8A700736460 /* Resources */ = {
			isa = PBXResourcesBuildPhase;
			buildActionMask = 2147483647;
			files = (
			);
			runOnlyForDeploymentPostprocessing = 0;
		};
		5A2CF6FD2E4EA8A700736460 /* Resources */ = {
			isa = PBXResourcesBuildPhase;
			buildActionMask = 2147483647;
			files = (
			);
			runOnlyForDeploymentPostprocessing = 0;
		};
/* End PBXResourcesBuildPhase section */

/* Begin PBXSourcesBuildPhase section */
		5A2CF6E42E4EA8A600736460 /* Sources */ = {
			isa = PBXSourcesBuildPhase;
			buildActionMask = 2147483647;
			files = (
			);
			runOnlyForDeploymentPostprocessing = 0;
		};
		5A2CF6F12E4EA8A700736460 /* Sources */ = {
			isa = PBXSourcesBuildPhase;
			buildActionMask = 2147483647;
			files = (
			);
			runOnlyForDeploymentPostprocessing = 0;
		};
		5A2CF6FB2E4EA8A700736460 /* Sources */ = {
			isa = PBXSourcesBuildPhase;
			buildActionMask = 2147483647;
			files = (
			);
			runOnlyForDeploymentPostprocessing = 0;
		};
/* End PBXSourcesBuildPhase section */

/* Begin PBXTargetDependency section */
		5A2CF6F72E4EA8A700736460 /* PBXTargetDependency */ = {
			isa = PBXTargetDependency;
			target = 5A2CF6E72E4EA8A600736460 /* didactic-barnicle-ios */;
			targetProxy = 5A2CF6F62E4EA8A700736460 /* PBXContainerItemProxy */;
		};
		5A2CF7012E4EA8A700736460 /* PBXTargetDependency */ = {
			isa = PBXTargetDependency;
			target = 5A2CF6E72E4EA8A600736460 /* didactic-barnicle-ios */;
			targetProxy = 5A2CF7002E4EA8A700736460 /* PBXContainerItemProxy */;
		};
/* End PBXTargetDependency section */

/* Begin XCBuildConfiguration section */
		5A2CF7072E4EA8A700736460 /* Debug */ = {
			isa = XCBuildConfiguration;
			buildSettings = {
				ALWAYS_SEARCH_USER_PATHS = NO;
				ASSETCATALOG_COMPILER_GENERATE_SWIFT_ASSET_SYMBOL_EXTENSIONS = YES;
				CLANG_ANALYZER_NONNULL = YES;
				CLANG_ANALYZER_NUMBER_OBJECT_CONVERSION = YES_AGGRESSIVE;
				CLANG_CXX_LANGUAGE_STANDARD = "gnu++20";
				CLANG_ENABLE_MODULES = YES;
				CLANG_ENABLE_OBJC_ARC = YES;
				CLANG_ENABLE_OBJC_WEAK = YES;
				CLANG_WARN_BLOCK_CAPTURE_AUTORELEASING = YES;
				CLANG_WARN_BOOL_CONVERSION = YES;
				CLANG_WARN_COMMA = YES;
				CLANG_WARN_CONSTANT_CONVERSION = YES;
				CLANG_WARN_DEPRECATED_OBJC_IMPLEMENTATIONS = YES;
				CLANG_WARN_DIRECT_OBJC_ISA_USAGE = YES_ERROR;
				CLANG_WARN_DOCUMENTATION_COMMENTS = YES;
				CLANG_WARN_EMPTY_BODY = YES;
				CLANG_WARN_ENUM_CONVERSION = YES;
				CLANG_WARN_INFINITE_RECURSION = YES;
				CLANG_WARN_INT_CONVERSION = YES;
				CLANG_WARN_NON_LITERAL_NULL_CONVERSION = YES;
				CLANG_WARN_OBJC_IMPLICIT_RETAIN_SELF = YES;
				CLANG_WARN_OBJC_LITERAL_CONVERSION = YES;
				CLANG_WARN_OBJC_ROOT_CLASS = YES_ERROR;
				CLANG_WARN_QUOTED_INCLUDE_IN_FRAMEWORK_HEADER = YES;
				CLANG_WARN_RANGE_LOOP_ANALYSIS = YES;
				CLANG_WARN_STRICT_PROTOTYPES = YES;
				CLANG_WARN_SUSPICIOUS_MOVE = YES;
				CLANG_WARN_UNGUARDED_AVAILABILITY = YES_AGGRESSIVE;
				CLANG_WARN_UNREACHABLE_CODE = YES;
				CLANG_WARN__DUPLICATE_METHOD_MATCH = YES;
				COPY_PHASE_STRIP = NO;
				DEBUG_INFORMATION_FORMAT = dwarf;
				ENABLE_STRICT_OBJC_MSGSEND = YES;
				ENABLE_TESTABILITY = YES;
				ENABLE_USER_SCRIPT_SANDBOXING = YES;
				GCC_C_LANGUAGE_STANDARD = gnu17;
				GCC_DYNAMIC_NO_PIC = NO;
				GCC_NO_COMMON_BLOCKS = YES;
				GCC_OPTIMIZATION_LEVEL = 0;
				GCC_PREPROCESSOR_DEFINITIONS = (
					"DEBUG=1",
					"$(inherited)",
				);
				GCC_WARN_64_TO_32_BIT_CONVERSION = YES;
				GCC_WARN_ABOUT_RETURN_TYPE = YES_ERROR;
				GCC_WARN_UNDECLARED_SELECTOR = YES;
				GCC_WARN_UNINITIALIZED_AUTOS = YES_AGGRESSIVE;
				GCC_WARN_UNUSED_FUNCTION = YES;
				GCC_WARN_UNUSED_VARIABLE = YES;
				IPHONEOS_DEPLOYMENT_TARGET = 26.0;
				LOCALIZATION_PREFERS_STRING_CATALOGS = YES;
				MTL_ENABLE_DEBUG_INFO = INCLUDE_SOURCE;
				MTL_FAST_MATH = YES;
				ONLY_ACTIVE_ARCH = YES;
				SDKROOT = iphoneos;
				SWIFT_ACTIVE_COMPILATION_CONDITIONS = "DEBUG $(inherited)";
				SWIFT_OPTIMIZATION_LEVEL = "-Onone";
			};
			name = Debug;
		};
		5A2CF7082E4EA8A700736460 /* Release */ = {
			isa = XCBuildConfiguration;
			buildSettings = {
				ALWAYS_SEARCH_USER_PATHS = NO;
				ASSETCATALOG_COMPILER_GENERATE_SWIFT_ASSET_SYMBOL_EXTENSIONS = YES;
				CLANG_ANALYZER_NONNULL = YES;
				CLANG_ANALYZER_NUMBER_OBJECT_CONVERSION = YES_AGGRESSIVE;
				CLANG_CXX_LANGUAGE_STANDARD = "gnu++20";
				CLANG_ENABLE_MODULES = YES;
				CLANG_ENABLE_OBJC_ARC = YES;
				CLANG_ENABLE_OBJC_WEAK = YES;
				CLANG_WARN_BLOCK_CAPTURE_AUTORELEASING = YES;
				CLANG_WARN_BOOL_CONVERSION = YES;
				CLANG_WARN_COMMA = YES;
				CLANG_WARN_CONSTANT_CONVERSION = YES;
				CLANG_WARN_DEPRECATED_OBJC_IMPLEMENTATIONS = YES;
				CLANG_WARN_DIRECT_OBJC_ISA_USAGE = YES_ERROR;
				CLANG_WARN_DOCUMENTATION_COMMENTS = YES;
				CLANG_WARN_EMPTY_BODY = YES;
				CLANG_WARN_ENUM_CONVERSION = YES;
				CLANG_WARN_INFINITE_RECURSION = YES;
				CLANG_WARN_INT_CONVERSION = YES;
				CLANG_WARN_NON_LITERAL_NULL_CONVERSION = YES;
				CLANG_WARN_OBJC_IMPLICIT_RETAIN_SELF = YES;
				CLANG_WARN_OBJC_LITERAL_CONVERSION = YES;
				CLANG_WARN_OBJC_ROOT_CLASS = YES_ERROR;
				CLANG_WARN_QUOTED_INCLUDE_IN_FRAMEWORK_HEADER = YES;
				CLANG_WARN_RANGE_LOOP_ANALYSIS = YES;
				CLANG_WARN_STRICT_PROTOTYPES = YES;
				CLANG_WARN_SUSPICIOUS_MOVE = YES;
				CLANG_WARN_UNGUARDED_AVAILABILITY = YES_AGGRESSIVE;
				CLANG_WARN_UNREACHABLE_CODE = YES;
				CLANG_WARN__DUPLICATE_METHOD_MATCH = YES;
				COPY_PHASE_STRIP = NO;
				DEBUG_INFORMATION_FORMAT = "dwarf-with-dsym";
				ENABLE_NS_ASSERTIONS = NO;
				ENABLE_STRICT_OBJC_MSGSEND = YES;
				ENABLE_USER_SCRIPT_SANDBOXING = YES;
				GCC_C_LANGUAGE_STANDARD = gnu17;
				GCC_NO_COMMON_BLOCKS = YES;
				GCC_WARN_64_TO_32_BIT_CONVERSION = YES;
				GCC_WARN_ABOUT_RETURN_TYPE = YES_ERROR;
				GCC_WARN_UNDECLARED_SELECTOR = YES;
				GCC_WARN_UNINITIALIZED_AUTOS = YES_AGGRESSIVE;
				GCC_WARN_UNUSED_FUNCTION = YES;
				GCC_WARN_UNUSED_VARIABLE = YES;
				IPHONEOS_DEPLOYMENT_TARGET = 26.0;
				LOCALIZATION_PREFERS_STRING_CATALOGS = YES;
				MTL_ENABLE_DEBUG_INFO = NO;
				MTL_FAST_MATH = YES;
				SDKROOT = iphoneos;
				SWIFT_COMPILATION_MODE = wholemodule;
				VALIDATE_PRODUCT = YES;
			};
			name = Release;
		};
		5A2CF70A2E4EA8A700736460 /* Debug */ = {
			isa = XCBuildConfiguration;
			buildSettings = {
				ASSETCATALOG_COMPILER_APPICON_NAME = AppIcon;
				ASSETCATALOG_COMPILER_GLOBAL_ACCENT_COLOR_NAME = AccentColor;
				CODE_SIGN_STYLE = Automatic;
				CURRENT_PROJECT_VERSION = 1;
				ENABLE_PREVIEWS = YES;
				GENERATE_INFOPLIST_FILE = YES;
				INFOPLIST_KEY_UIApplicationSceneManifest_Generation = YES;
				INFOPLIST_KEY_UIApplicationSupportsIndirectInputEvents = YES;
				INFOPLIST_KEY_UILaunchScreen_Generation = YES;
				INFOPLIST_KEY_UISupportedInterfaceOrientations_iPad = "UIInterfaceOrientationPortrait UIInterfaceOrientationPortraitUpsideDown UIInterfaceOrientationLandscapeLeft UIInterfaceOrientationLandscapeRight";
				INFOPLIST_KEY_UISupportedInterfaceOrientations_iPhone = "UIInterfaceOrientationPortrait UIInterfaceOrientationLandscapeLeft UIInterfaceOrientationLandscapeRight";
				LD_RUNPATH_SEARCH_PATHS = (
					"$(inherited)",
					"@executable_path/Frameworks",
				);
				MARKETING_VERSION = 1.0;
				PRODUCT_BUNDLE_IDENTIFIER = "com.alexli.didactic-barnicle-ios";
				PRODUCT_NAME = "$(TARGET_NAME)";
				STRING_CATALOG_GENERATE_SYMBOLS = YES;
				SWIFT_APPROACHABLE_CONCURRENCY = YES;
				SWIFT_DEFAULT_ACTOR_ISOLATION = MainActor;
				SWIFT_EMIT_LOC_STRINGS = YES;
				SWIFT_UPCOMING_FEATURE_MEMBER_IMPORT_VISIBILITY = YES;
				SWIFT_VERSION = 5.0;
				TARGETED_DEVICE_FAMILY = "1,2";
			};
			name = Debug;
		};
		5A2CF70B2E4EA8A700736460 /* Release */ = {
			isa = XCBuildConfiguration;
			buildSettings = {
				ASSETCATALOG_COMPILER_APPICON_NAME = AppIcon;
				ASSETCATALOG_COMPILER_GLOBAL_ACCENT_COLOR_NAME = AccentColor;
				CODE_SIGN_STYLE = Automatic;
				CURRENT_PROJECT_VERSION = 1;
				ENABLE_PREVIEWS = YES;
				GENERATE_INFOPLIST_FILE = YES;
				INFOPLIST_KEY_UIApplicationSceneManifest_Generation = YES;
				INFOPLIST_KEY_UIApplicationSupportsIndirectInputEvents = YES;
				INFOPLIST_KEY_UILaunchScreen_Generation = YES;
				INFOPLIST_KEY_UISupportedInterfaceOrientations_iPad = "UIInterfaceOrientationPortrait UIInterfaceOrientationPortraitUpsideDown UIInterfaceOrientationLandscapeLeft UIInterfaceOrientationLandscapeRight";
				INFOPLIST_KEY_UISupportedInterfaceOrientations_iPhone = "UIInterfaceOrientationPortrait UIInterfaceOrientationLandscapeLeft UIInterfaceOrientationLandscapeRight";
				LD_RUNPATH_SEARCH_PATHS = (
					"$(inherited)",
					"@executable_path/Frameworks",
				);
				MARKETING_VERSION = 1.0;
				PRODUCT_BUNDLE_IDENTIFIER = "com.alexli.didactic-barnicle-ios";
				PRODUCT_NAME = "$(TARGET_NAME)";
				STRING_CATALOG_GENERATE_SYMBOLS = YES;
				SWIFT_APPROACHABLE_CONCURRENCY = YES;
				SWIFT_DEFAULT_ACTOR_ISOLATION = MainActor;
				SWIFT_EMIT_LOC_STRINGS = YES;
				SWIFT_UPCOMING_FEATURE_MEMBER_IMPORT_VISIBILITY = YES;
				SWIFT_VERSION = 5.0;
				TARGETED_DEVICE_FAMILY = "1,2";
			};
			name = Release;
		};
		5A2CF70D2E4EA8A700736460 /* Debug */ = {
			isa = XCBuildConfiguration;
			buildSettings = {
				BUNDLE_LOADER = "$(TEST_HOST)";
				CODE_SIGN_STYLE = Automatic;
				CURRENT_PROJECT_VERSION = 1;
				GENERATE_INFOPLIST_FILE = YES;
				IPHONEOS_DEPLOYMENT_TARGET = 26.0;
				MARKETING_VERSION = 1.0;
				PRODUCT_BUNDLE_IDENTIFIER = "com.alexli.didactic-barnicle-iosTests";
				PRODUCT_NAME = "$(TARGET_NAME)";
				STRING_CATALOG_GENERATE_SYMBOLS = NO;
				SWIFT_APPROACHABLE_CONCURRENCY = YES;
				SWIFT_EMIT_LOC_STRINGS = NO;
				SWIFT_UPCOMING_FEATURE_MEMBER_IMPORT_VISIBILITY = YES;
				SWIFT_VERSION = 5.0;
				TARGETED_DEVICE_FAMILY = "1,2";
				TEST_HOST = "$(BUILT_PRODUCTS_DIR)/didactic-barnicle-ios.app/$(BUNDLE_EXECUTABLE_FOLDER_PATH)/didactic-barnicle-ios";
			};
			name = Debug;
		};
		5A2CF70E2E4EA8A700736460 /* Release */ = {
			isa = XCBuildConfiguration;
			buildSettings = {
				BUNDLE_LOADER = "$(TEST_HOST)";
				CODE_SIGN_STYLE = Automatic;
				CURRENT_PROJECT_VERSION = 1;
				GENERATE_INFOPLIST_FILE = YES;
				IPHONEOS_DEPLOYMENT_TARGET = 26.0;
				MARKETING_VERSION = 1.0;
				PRODUCT_BUNDLE_IDENTIFIER = "com.alexli.didactic-barnicle-iosTests";
				PRODUCT_NAME = "$(TARGET_NAME)";
				STRING_CATALOG_GENERATE_SYMBOLS = NO;
				SWIFT_APPROACHABLE_CONCURRENCY = YES;
				SWIFT_EMIT_LOC_STRINGS = NO;
				SWIFT_UPCOMING_FEATURE_MEMBER_IMPORT_VISIBILITY = YES;
				SWIFT_VERSION = 5.0;
				TARGETED_DEVICE_FAMILY = "1,2";
				TEST_HOST = "$(BUILT_PRODUCTS_DIR)/didactic-barnicle-ios.app/$(BUNDLE_EXECUTABLE_FOLDER_PATH)/didactic-barnicle-ios";
			};
			name = Release;
		};
		5A2CF7102E4EA8A700736460 /* Debug */ = {
			isa = XCBuildConfiguration;
			buildSettings = {
				CODE_SIGN_STYLE = Automatic;
				CURRENT_PROJECT_VERSION = 1;
				GENERATE_INFOPLIST_FILE = YES;
				MARKETING_VERSION = 1.0;
				PRODUCT_BUNDLE_IDENTIFIER = "com.alexli.didactic-barnicle-iosUITests";
				PRODUCT_NAME = "$(TARGET_NAME)";
				STRING_CATALOG_GENERATE_SYMBOLS = NO;
				SWIFT_APPROACHABLE_CONCURRENCY = YES;
				SWIFT_EMIT_LOC_STRINGS = NO;
				SWIFT_UPCOMING_FEATURE_MEMBER_IMPORT_VISIBILITY = YES;
				SWIFT_VERSION = 5.0;
				TARGETED_DEVICE_FAMILY = "1,2";
				TEST_TARGET_NAME = "didactic-barnicle-ios";
			};
			name = Debug;
		};
		5A2CF7112E4EA8A700736460 /* Release */ = {
			isa = XCBuildConfiguration;
			buildSettings = {
				CODE_SIGN_STYLE = Automatic;
				CURRENT_PROJECT_VERSION = 1;
				GENERATE_INFOPLIST_FILE = YES;
				MARKETING_VERSION = 1.0;
				PRODUCT_BUNDLE_IDENTIFIER = "com.alexli.didactic-barnicle-iosUITests";
				PRODUCT_NAME = "$(TARGET_NAME)";
				STRING_CATALOG_GENERATE_SYMBOLS = NO;
				SWIFT_APPROACHABLE_CONCURRENCY = YES;
				SWIFT_EMIT_LOC_STRINGS = NO;
				SWIFT_UPCOMING_FEATURE_MEMBER_IMPORT_VISIBILITY = YES;
				SWIFT_VERSION = 5.0;
				TARGETED_DEVICE_FAMILY = "1,2";
				TEST_TARGET_NAME = "didactic-barnicle-ios";
			};
			name = Release;
		};
/* End XCBuildConfiguration section */

/* Begin XCConfigurationList section */
		5A2CF6E32E4EA8A600736460 /* Build configuration list for PBXProject "didactic-barnicle-ios" */ = {
			isa = XCConfigurationList;
			buildConfigurations = (
				5A2CF7072E4EA8A700736460 /* Debug */,
				5A2CF7082E4EA8A700736460 /* Release */,
			);
			defaultConfigurationIsVisible = 0;
			defaultConfigurationName = Release;
		};
		5A2CF7092E4EA8A700736460 /* Build configuration list for PBXNativeTarget "didactic-barnicle-ios" */ = {
			isa = XCConfigurationList;
			buildConfigurations = (
				5A2CF70A2E4EA8A700736460 /* Debug */,
				5A2CF70B2E4EA8A700736460 /* Release */,
			);
			defaultConfigurationIsVisible = 0;
			defaultConfigurationName = Release;
		};
		5A2CF70C2E4EA8A700736460 /* Build configuration list for PBXNativeTarget "didactic-barnicle-iosTests" */ = {
			isa = XCConfigurationList;
			buildConfigurations = (
				5A2CF70D2E4EA8A700736460 /* Debug */,
				5A2CF70E2E4EA8A700736460 /* Release */,
			);
			defaultConfigurationIsVisible = 0;
			defaultConfigurationName = Release;
		};
		5A2CF70F2E4EA8A700736460 /* Build configuration list for PBXNativeTarget "didactic-barnicle-iosUITests" */ = {
			isa = XCConfigurationList;
			buildConfigurations = (
				5A2CF7102E4EA8A700736460 /* Debug */,
				5A2CF7112E4EA8A700736460 /* Release */,
			);
			defaultConfigurationIsVisible = 0;
			defaultConfigurationName = Release;
		};
/* End XCConfigurationList section */
	};
	rootObject = 5A2CF6E02E4EA8A600736460 /* Project object */;
}
